
Microsoft Visual Studio Solution File, Format Version 12.00
Project("{FAE04EC0-301F-11D3-BF4B-00C04F79EFBC}") = "Otanimes.API", "src\Otanimes.API\Otanimes.API.csproj", "{155193C5-C2FC-4E47-A584-C962D9CDEDAD}"
EndProject
Project("{2150E333-8FDC-42A3-9474-1A3956D46DE8}") = "1 - API", "1 - API", "{E0EA3867-BE23-426F-A656-AA2E7F10139D}"
EndProject
Project("{2150E333-8FDC-42A3-9474-1A3956D46DE8}") = "2 - ApplicationServices", "2 - ApplicationServices", "{C11259D0-4372-45F7-AE6D-DFFF66821CBF}"
EndProject
Project("{2150E333-8FDC-42A3-9474-1A3956D46DE8}") = "3 - DomainServices", "3 - DomainServices", "{1AA16C6F-59A6-4B80-9D15-C965515DB8B5}"
EndProject
Project("{2150E333-8FDC-42A3-9474-1A3956D46DE8}") = "4 - Domain", "4 - Domain", "{C7B322F5-0B48-4390-9173-3A92C8EEEC00}"
EndProject
Project("{2150E333-8FDC-42A3-9474-1A3956D46DE8}") = "5 - Infrastructure", "5 - Infrastructure", "{23070728-A723-4A6D-A583-F52CBE9A7A9B}"
EndProject
Project("{FAE04EC0-301F-11D3-BF4B-00C04F79EFBC}") = "Otanimes.ApplicationServices", "src\Otanimes.ApplicationServices\Otanimes.ApplicationServices.csproj", "{B1986B3A-A171-438D-8E69-6729E2C20F0D}"
EndProject
Project("{2150E333-8FDC-42A3-9474-1A3956D46DE8}") = "6 - Core", "6 - Core", "{61C6F377-2639-4350-9C59-59FEE291D5FF}"
EndProject
Project("{2150E333-8FDC-42A3-9474-1A3956D46DE8}") = "7 - Integrations", "7 - Integrations", "{2B7F652E-7DDC-4339-9125-F27D213F5E75}"
EndProject
Project("{2150E333-8FDC-42A3-9474-1A3956D46DE8}") = "8 - IoC", "8 - IoC", "{EB8FFB47-989F-4E6D-831B-92465870A7B7}"
EndProject
Project("{2150E333-8FDC-42A3-9474-1A3956D46DE8}") = "9 - Tests", "9 - Tests", "{8C87DE76-4DAB-4FAD-9536-CC9449C943BF}"
EndProject
Project("{FAE04EC0-301F-11D3-BF4B-00C04F79EFBC}") = "Otanimes.IoC", "src\Otanimes.IoC\Otanimes.IoC.csproj", "{703B8D74-DCF1-4DDB-A17F-078D17BE8FAB}"
EndProject
Project("{FAE04EC0-301F-11D3-BF4B-00C04F79EFBC}") = "Otanimes.Core", "src\Otanimes.Core\Otanimes.Core.csproj", "{F6D32241-4DDC-4E97-B049-58984F6392AE}"
EndProject
Project("{FAE04EC0-301F-11D3-BF4B-00C04F79EFBC}") = "Otanimes.Integrations", "src\Otanimes.Integrations\Otanimes.Integrations.csproj", "{B3C26DF6-C858-4CE4-8C24-895CE87A246C}"
EndProject
Project("{FAE04EC0-301F-11D3-BF4B-00C04F79EFBC}") = "Otanimes.Tests", "src\Otanimes.Tests\Otanimes.Tests.csproj", "{AB49432E-4228-448A-9FBF-A28E4DFD98BD}"
EndProject
Project("{FAE04EC0-301F-11D3-BF4B-00C04F79EFBC}") = "Otanimes.DomainServices", "src\Otanimes.DomainServices\Otanimes.DomainServices.csproj", "{E8D8AD0F-CE3A-4882-BD6B-03843D9897CA}"
EndProject
Project("{FAE04EC0-301F-11D3-BF4B-00C04F79EFBC}") = "Otanimes.Domain", "src\Otanimes.Domain\Otanimes.Domain.csproj", "{A54AE7F7-A082-42A6-9E88-7A301B9640FA}"
EndProject
Project("{FAE04EC0-301F-11D3-BF4B-00C04F79EFBC}") = "Otanimes.Infrastructure", "src\Otanimes.Infrastructure\Otanimes.Infrastructure.csproj", "{7CD04D71-5549-4AE7-ACB4-ADB2A77B67E3}"
EndProject
Global
	GlobalSection(SolutionConfigurationPlatforms) = preSolution
		Debug|Any CPU = Debug|Any CPU
		Release|Any CPU = Release|Any CPU
	EndGlobalSection
	GlobalSection(ProjectConfigurationPlatforms) = postSolution
		{155193C5-C2FC-4E47-A584-C962D9CDEDAD}.Debug|Any CPU.ActiveCfg = Debug|Any CPU
		{155193C5-C2FC-4E47-A584-C962D9CDEDAD}.Debug|Any CPU.Build.0 = Debug|Any CPU
		{155193C5-C2FC-4E47-A584-C962D9CDEDAD}.Release|Any CPU.ActiveCfg = Release|Any CPU
		{155193C5-C2FC-4E47-A584-C962D9CDEDAD}.Release|Any CPU.Build.0 = Release|Any CPU
		{B1986B3A-A171-438D-8E69-6729E2C20F0D}.Debug|Any CPU.ActiveCfg = Debug|Any CPU
		{B1986B3A-A171-438D-8E69-6729E2C20F0D}.Debug|Any CPU.Build.0 = Debug|Any CPU
		{B1986B3A-A171-438D-8E69-6729E2C20F0D}.Release|Any CPU.ActiveCfg = Release|Any CPU
		{B1986B3A-A171-438D-8E69-6729E2C20F0D}.Release|Any CPU.Build.0 = Release|Any CPU
		{703B8D74-DCF1-4DDB-A17F-078D17BE8FAB}.Debug|Any CPU.ActiveCfg = Debug|Any CPU
		{703B8D74-DCF1-4DDB-A17F-078D17BE8FAB}.Debug|Any CPU.Build.0 = Debug|Any CPU
		{703B8D74-DCF1-4DDB-A17F-078D17BE8FAB}.Release|Any CPU.ActiveCfg = Release|Any CPU
		{703B8D74-DCF1-4DDB-A17F-078D17BE8FAB}.Release|Any CPU.Build.0 = Release|Any CPU
		{F6D32241-4DDC-4E97-B049-58984F6392AE}.Debug|Any CPU.ActiveCfg = Debug|Any CPU
		{F6D32241-4DDC-4E97-B049-58984F6392AE}.Debug|Any CPU.Build.0 = Debug|Any CPU
		{F6D32241-4DDC-4E97-B049-58984F6392AE}.Release|Any CPU.ActiveCfg = Release|Any CPU
		{F6D32241-4DDC-4E97-B049-58984F6392AE}.Release|Any CPU.Build.0 = Release|Any CPU
		{B3C26DF6-C858-4CE4-8C24-895CE87A246C}.Debug|Any CPU.ActiveCfg = Debug|Any CPU
		{B3C26DF6-C858-4CE4-8C24-895CE87A246C}.Debug|Any CPU.Build.0 = Debug|Any CPU
		{B3C26DF6-C858-4CE4-8C24-895CE87A246C}.Release|Any CPU.ActiveCfg = Release|Any CPU
		{B3C26DF6-C858-4CE4-8C24-895CE87A246C}.Release|Any CPU.Build.0 = Release|Any CPU
		{AB49432E-4228-448A-9FBF-A28E4DFD98BD}.Debug|Any CPU.ActiveCfg = Debug|Any CPU
		{AB49432E-4228-448A-9FBF-A28E4DFD98BD}.Debug|Any CPU.Build.0 = Debug|Any CPU
		{AB49432E-4228-448A-9FBF-A28E4DFD98BD}.Release|Any CPU.ActiveCfg = Release|Any CPU
		{AB49432E-4228-448A-9FBF-A28E4DFD98BD}.Release|Any CPU.Build.0 = Release|Any CPU
		{E8D8AD0F-CE3A-4882-BD6B-03843D9897CA}.Debug|Any CPU.ActiveCfg = Debug|Any CPU
		{E8D8AD0F-CE3A-4882-BD6B-03843D9897CA}.Debug|Any CPU.Build.0 = Debug|Any CPU
		{E8D8AD0F-CE3A-4882-BD6B-03843D9897CA}.Release|Any CPU.ActiveCfg = Release|Any CPU
		{E8D8AD0F-CE3A-4882-BD6B-03843D9897CA}.Release|Any CPU.Build.0 = Release|Any CPU
		{A54AE7F7-A082-42A6-9E88-7A301B9640FA}.Debug|Any CPU.ActiveCfg = Debug|Any CPU
		{A54AE7F7-A082-42A6-9E88-7A301B9640FA}.Debug|Any CPU.Build.0 = Debug|Any CPU
		{A54AE7F7-A082-42A6-9E88-7A301B9640FA}.Release|Any CPU.ActiveCfg = Release|Any CPU
		{A54AE7F7-A082-42A6-9E88-7A301B9640FA}.Release|Any CPU.Build.0 = Release|Any CPU
		{7CD04D71-5549-4AE7-ACB4-ADB2A77B67E3}.Debug|Any CPU.ActiveCfg = Debug|Any CPU
		{7CD04D71-5549-4AE7-ACB4-ADB2A77B67E3}.Debug|Any CPU.Build.0 = Debug|Any CPU
		{7CD04D71-5549-4AE7-ACB4-ADB2A77B67E3}.Release|Any CPU.ActiveCfg = Release|Any CPU
		{7CD04D71-5549-4AE7-ACB4-ADB2A77B67E3}.Release|Any CPU.Build.0 = Release|Any CPU
	EndGlobalSection
	GlobalSection(NestedProjects) = preSolution
		{155193C5-C2FC-4E47-A584-C962D9CDEDAD} = {E0EA3867-BE23-426F-A656-AA2E7F10139D}
		{B1986B3A-A171-438D-8E69-6729E2C20F0D} = {C11259D0-4372-45F7-AE6D-DFFF66821CBF}
		{703B8D74-DCF1-4DDB-A17F-078D17BE8FAB} = {EB8FFB47-989F-4E6D-831B-92465870A7B7}
		{F6D32241-4DDC-4E97-B049-58984F6392AE} = {61C6F377-2639-4350-9C59-59FEE291D5FF}
		{B3C26DF6-C858-4CE4-8C24-895CE87A246C} = {2B7F652E-7DDC-4339-9125-F27D213F5E75}
		{AB49432E-4228-448A-9FBF-A28E4DFD98BD} = {8C87DE76-4DAB-4FAD-9536-CC9449C943BF}
		{E8D8AD0F-CE3A-4882-BD6B-03843D9897CA} = {1AA16C6F-59A6-4B80-9D15-C965515DB8B5}
		{A54AE7F7-A082-42A6-9E88-7A301B9640FA} = {C7B322F5-0B48-4390-9173-3A92C8EEEC00}
		{7CD04D71-5549-4AE7-ACB4-ADB2A77B67E3} = {23070728-A723-4A6D-A583-F52CBE9A7A9B}
	EndGlobalSection
EndGlobal
